
Microsoft Visual Studio Solution File, Format Version 12.00
# Visual Studio 15
VisualStudioVersion = 15.0.26124.0
MinimumVisualStudioVersion = 15.0.26124.0
Project("{2150E333-8FDC-42A3-9474-1A3956D46DE8}") = "src", "src", "{304FF3A6-6D54-4C8A-ACD0-AA1698648346}"
EndProject
Project("{2150E333-8FDC-42A3-9474-1A3956D46DE8}") = "tests", "tests", "{BD33E662-3372-4172-8EC6-48B53C0FD7B0}"
EndProject
Project("{2150E333-8FDC-42A3-9474-1A3956D46DE8}") = "scripts", "scripts", "{774A4201-09BA-4748-9CF5-66437CAEF97B}"
EndProject
Project("{2150E333-8FDC-42A3-9474-1A3956D46DE8}") = "docs", "docs", "{52639B27-FD09-4AC3-BC90-B33E61553CB8}"
EndProject
Project("{FAE04EC0-301F-11D3-BF4B-00C04F79EFBC}") = "UOStudio.Client", "src\UOStudio.Client\UOStudio.Client.csproj", "{5ECE21F1-CC33-40ED-8273-2A83917A3418}"
EndProject
Project("{FAE04EC0-301F-11D3-BF4B-00C04F79EFBC}") = "UOStudio.UnitTests", "tests\UOStudio.UnitTests\UOStudio.UnitTests.csproj", "{02C21CBC-C704-47A9-86FC-20ED741BAA09}"
EndProject
Project("{FAE04EC0-301F-11D3-BF4B-00C04F79EFBC}") = "UOStudio.IntegrationTests", "tests\UOStudio.IntegrationTests\UOStudio.IntegrationTests.csproj", "{5AF2FC09-0018-42D5-B777-2718C0540C97}"
EndProject
Project("{FAE04EC0-301F-11D3-BF4B-00C04F79EFBC}") = "UOStudio.Client.Engine", "src\UOStudio.Client.Engine\UOStudio.Client.Engine.csproj", "{286F5730-1BA7-4BBB-8021-FE31D118DAA3}"
EndProject
Project("{2150E333-8FDC-42A3-9474-1A3956D46DE8}") = "Solution Items", "Solution Items", "{9408BDA2-6BD2-48D9-8670-341DEFC50213}"
ProjectSection(SolutionItems) = preProject
	.editorconfig = .editorconfig
	.gitignore = .gitignore
	LICENSE = LICENSE
	README.md = README.md
	stylecop.json = stylecop.json
	stylecop.ruleset = stylecop.ruleset
	FNA.Settings.props = FNA.Settings.props
EndProjectSection
EndProject
Project("{2150E333-8FDC-42A3-9474-1A3956D46DE8}") = "build", "build", "{F7F1ADC3-234C-4238-AE34-72ADCB9917D0}"
ProjectSection(SolutionItems) = preProject
	.github\workflows\build-debug.yml = .github\workflows\build-debug.yml
	.github\workflows\build-release.yml = .github\workflows\build-release.yml
EndProjectSection
EndProject
Project("{FAE04EC0-301F-11D3-BF4B-00C04F79EFBC}") = "UOStudio.Server", "src\UOStudio.Server\UOStudio.Server.csproj", "{14DA5B0E-4A10-4013-A8D4-6DD1F9454B43}"
EndProject
Project("{FAE04EC0-301F-11D3-BF4B-00C04F79EFBC}") = "UOStudio.Server.Engine", "src\UOStudio.Server.Engine\UOStudio.Server.Engine.csproj", "{651BB934-C75D-4E0E-A251-B6EBDBAF1DCC}"
EndProject
Project("{FAE04EC0-301F-11D3-BF4B-00C04F79EFBC}") = "FNA.Core", "external\FNA\FNA.Core.csproj", "{AF833E9C-A82E-46E2-B7CF-2DD6BB888E26}"
EndProject
Project("{2150E333-8FDC-42A3-9474-1A3956D46DE8}") = "assets", "assets", "{2A284388-DA81-433D-BB2F-0138800CD065}"
EndProject
Project("{2150E333-8FDC-42A3-9474-1A3956D46DE8}") = "client", "client", "{2D68DE8B-0108-456E-B583-8AB50958594F}"
ProjectSection(SolutionItems) = preProject
	assets\client\splashscreen.png = assets\client\splashscreen.png
EndProjectSection
EndProject
Project("{FAE04EC0-301F-11D3-BF4B-00C04F79EFBC}") = "UOStudio.Client.Network", "src\UOStudio.Client.Network\UOStudio.Client.Network.csproj", "{F7FDEA9B-FA37-4CF8-9DAD-3E83B4B4D639}"
EndProject
Project("{FAE04EC0-301F-11D3-BF4B-00C04F79EFBC}") = "UOStudio.Server.Network", "src\UOStudio.Server.Network\UOStudio.Server.Network.csproj", "{87334501-393A-49A4-8BAC-4AE9AB59FBF1}"
EndProject
Project("{FAE04EC0-301F-11D3-BF4B-00C04F79EFBC}") = "UOStudio.Core", "src\UOStudio.Core\UOStudio.Core.csproj", "{E6F5A9F3-A08B-47CB-9C24-3DA08260C9FB}"
EndProject
Project("{FAE04EC0-301F-11D3-BF4B-00C04F79EFBC}") = "UOStudio.Server.Core", "src\UOStudio.Server.Core\UOStudio.Server.Core.csproj", "{68008096-E780-49E6-9BCE-FCB88EA2A87A}"
EndProject
Project("{FAE04EC0-301F-11D3-BF4B-00C04F79EFBC}") = "UOStudio.Client.Core", "src\UOStudio.Client.Core\UOStudio.Client.Core.csproj", "{C1F07A3C-BE5C-4110-822F-444BA7871821}"
EndProject
Global
	GlobalSection(SolutionConfigurationPlatforms) = preSolution
		Debug|Any CPU = Debug|Any CPU
		Debug|x64 = Debug|x64
		Debug|x86 = Debug|x86
		Release|Any CPU = Release|Any CPU
		Release|x64 = Release|x64
		Release|x86 = Release|x86
	EndGlobalSection
	GlobalSection(SolutionProperties) = preSolution
		HideSolutionNode = FALSE
	EndGlobalSection
	GlobalSection(NestedProjects) = preSolution
		{5ECE21F1-CC33-40ED-8273-2A83917A3418} = {304FF3A6-6D54-4C8A-ACD0-AA1698648346}
		{02C21CBC-C704-47A9-86FC-20ED741BAA09} = {BD33E662-3372-4172-8EC6-48B53C0FD7B0}
		{5AF2FC09-0018-42D5-B777-2718C0540C97} = {BD33E662-3372-4172-8EC6-48B53C0FD7B0}
		{286F5730-1BA7-4BBB-8021-FE31D118DAA3} = {304FF3A6-6D54-4C8A-ACD0-AA1698648346}
		{14DA5B0E-4A10-4013-A8D4-6DD1F9454B43} = {304FF3A6-6D54-4C8A-ACD0-AA1698648346}
		{651BB934-C75D-4E0E-A251-B6EBDBAF1DCC} = {304FF3A6-6D54-4C8A-ACD0-AA1698648346}
		{AF833E9C-A82E-46E2-B7CF-2DD6BB888E26} = {304FF3A6-6D54-4C8A-ACD0-AA1698648346}
		{2D68DE8B-0108-456E-B583-8AB50958594F} = {2A284388-DA81-433D-BB2F-0138800CD065}
		{F7FDEA9B-FA37-4CF8-9DAD-3E83B4B4D639} = {304FF3A6-6D54-4C8A-ACD0-AA1698648346}
		{87334501-393A-49A4-8BAC-4AE9AB59FBF1} = {304FF3A6-6D54-4C8A-ACD0-AA1698648346}
		{E6F5A9F3-A08B-47CB-9C24-3DA08260C9FB} = {304FF3A6-6D54-4C8A-ACD0-AA1698648346}
		{68008096-E780-49E6-9BCE-FCB88EA2A87A} = {304FF3A6-6D54-4C8A-ACD0-AA1698648346}
		{C1F07A3C-BE5C-4110-822F-444BA7871821} = {304FF3A6-6D54-4C8A-ACD0-AA1698648346}
	EndGlobalSection
	GlobalSection(ProjectConfigurationPlatforms) = postSolution
		{5ECE21F1-CC33-40ED-8273-2A83917A3418}.Debug|Any CPU.ActiveCfg = Debug|Any CPU
		{5ECE21F1-CC33-40ED-8273-2A83917A3418}.Debug|Any CPU.Build.0 = Debug|Any CPU
		{5ECE21F1-CC33-40ED-8273-2A83917A3418}.Debug|x64.ActiveCfg = Debug|Any CPU
		{5ECE21F1-CC33-40ED-8273-2A83917A3418}.Debug|x64.Build.0 = Debug|Any CPU
		{5ECE21F1-CC33-40ED-8273-2A83917A3418}.Debug|x86.ActiveCfg = Debug|Any CPU
		{5ECE21F1-CC33-40ED-8273-2A83917A3418}.Debug|x86.Build.0 = Debug|Any CPU
		{5ECE21F1-CC33-40ED-8273-2A83917A3418}.Release|Any CPU.ActiveCfg = Release|Any CPU
		{5ECE21F1-CC33-40ED-8273-2A83917A3418}.Release|Any CPU.Build.0 = Release|Any CPU
		{5ECE21F1-CC33-40ED-8273-2A83917A3418}.Release|x64.ActiveCfg = Release|Any CPU
		{5ECE21F1-CC33-40ED-8273-2A83917A3418}.Release|x64.Build.0 = Release|Any CPU
		{5ECE21F1-CC33-40ED-8273-2A83917A3418}.Release|x86.ActiveCfg = Release|Any CPU
		{5ECE21F1-CC33-40ED-8273-2A83917A3418}.Release|x86.Build.0 = Release|Any CPU
		{02C21CBC-C704-47A9-86FC-20ED741BAA09}.Debug|Any CPU.ActiveCfg = Debug|Any CPU
		{02C21CBC-C704-47A9-86FC-20ED741BAA09}.Debug|Any CPU.Build.0 = Debug|Any CPU
		{02C21CBC-C704-47A9-86FC-20ED741BAA09}.Debug|x64.ActiveCfg = Debug|Any CPU
		{02C21CBC-C704-47A9-86FC-20ED741BAA09}.Debug|x64.Build.0 = Debug|Any CPU
		{02C21CBC-C704-47A9-86FC-20ED741BAA09}.Debug|x86.ActiveCfg = Debug|Any CPU
		{02C21CBC-C704-47A9-86FC-20ED741BAA09}.Debug|x86.Build.0 = Debug|Any CPU
		{02C21CBC-C704-47A9-86FC-20ED741BAA09}.Release|Any CPU.ActiveCfg = Release|Any CPU
		{02C21CBC-C704-47A9-86FC-20ED741BAA09}.Release|Any CPU.Build.0 = Release|Any CPU
		{02C21CBC-C704-47A9-86FC-20ED741BAA09}.Release|x64.ActiveCfg = Release|Any CPU
		{02C21CBC-C704-47A9-86FC-20ED741BAA09}.Release|x64.Build.0 = Release|Any CPU
		{02C21CBC-C704-47A9-86FC-20ED741BAA09}.Release|x86.ActiveCfg = Release|Any CPU
		{02C21CBC-C704-47A9-86FC-20ED741BAA09}.Release|x86.Build.0 = Release|Any CPU
		{5AF2FC09-0018-42D5-B777-2718C0540C97}.Debug|Any CPU.ActiveCfg = Debug|Any CPU
		{5AF2FC09-0018-42D5-B777-2718C0540C97}.Debug|Any CPU.Build.0 = Debug|Any CPU
		{5AF2FC09-0018-42D5-B777-2718C0540C97}.Debug|x64.ActiveCfg = Debug|Any CPU
		{5AF2FC09-0018-42D5-B777-2718C0540C97}.Debug|x64.Build.0 = Debug|Any CPU
		{5AF2FC09-0018-42D5-B777-2718C0540C97}.Debug|x86.ActiveCfg = Debug|Any CPU
		{5AF2FC09-0018-42D5-B777-2718C0540C97}.Debug|x86.Build.0 = Debug|Any CPU
		{5AF2FC09-0018-42D5-B777-2718C0540C97}.Release|Any CPU.ActiveCfg = Release|Any CPU
		{5AF2FC09-0018-42D5-B777-2718C0540C97}.Release|Any CPU.Build.0 = Release|Any CPU
		{5AF2FC09-0018-42D5-B777-2718C0540C97}.Release|x64.ActiveCfg = Release|Any CPU
		{5AF2FC09-0018-42D5-B777-2718C0540C97}.Release|x64.Build.0 = Release|Any CPU
		{5AF2FC09-0018-42D5-B777-2718C0540C97}.Release|x86.ActiveCfg = Release|Any CPU
		{5AF2FC09-0018-42D5-B777-2718C0540C97}.Release|x86.Build.0 = Release|Any CPU
		{286F5730-1BA7-4BBB-8021-FE31D118DAA3}.Debug|Any CPU.ActiveCfg = Debug|Any CPU
		{286F5730-1BA7-4BBB-8021-FE31D118DAA3}.Debug|Any CPU.Build.0 = Debug|Any CPU
		{286F5730-1BA7-4BBB-8021-FE31D118DAA3}.Debug|x64.ActiveCfg = Debug|Any CPU
		{286F5730-1BA7-4BBB-8021-FE31D118DAA3}.Debug|x64.Build.0 = Debug|Any CPU
		{286F5730-1BA7-4BBB-8021-FE31D118DAA3}.Debug|x86.ActiveCfg = Debug|Any CPU
		{286F5730-1BA7-4BBB-8021-FE31D118DAA3}.Debug|x86.Build.0 = Debug|Any CPU
		{286F5730-1BA7-4BBB-8021-FE31D118DAA3}.Release|Any CPU.ActiveCfg = Release|Any CPU
		{286F5730-1BA7-4BBB-8021-FE31D118DAA3}.Release|Any CPU.Build.0 = Release|Any CPU
		{286F5730-1BA7-4BBB-8021-FE31D118DAA3}.Release|x64.ActiveCfg = Release|Any CPU
		{286F5730-1BA7-4BBB-8021-FE31D118DAA3}.Release|x64.Build.0 = Release|Any CPU
		{286F5730-1BA7-4BBB-8021-FE31D118DAA3}.Release|x86.ActiveCfg = Release|Any CPU
		{286F5730-1BA7-4BBB-8021-FE31D118DAA3}.Release|x86.Build.0 = Release|Any CPU
		{14DA5B0E-4A10-4013-A8D4-6DD1F9454B43}.Debug|Any CPU.ActiveCfg = Debug|Any CPU
		{14DA5B0E-4A10-4013-A8D4-6DD1F9454B43}.Debug|Any CPU.Build.0 = Debug|Any CPU
		{14DA5B0E-4A10-4013-A8D4-6DD1F9454B43}.Debug|x64.ActiveCfg = Debug|Any CPU
		{14DA5B0E-4A10-4013-A8D4-6DD1F9454B43}.Debug|x64.Build.0 = Debug|Any CPU
		{14DA5B0E-4A10-4013-A8D4-6DD1F9454B43}.Debug|x86.ActiveCfg = Debug|Any CPU
		{14DA5B0E-4A10-4013-A8D4-6DD1F9454B43}.Debug|x86.Build.0 = Debug|Any CPU
		{14DA5B0E-4A10-4013-A8D4-6DD1F9454B43}.Release|Any CPU.ActiveCfg = Release|Any CPU
		{14DA5B0E-4A10-4013-A8D4-6DD1F9454B43}.Release|Any CPU.Build.0 = Release|Any CPU
		{14DA5B0E-4A10-4013-A8D4-6DD1F9454B43}.Release|x64.ActiveCfg = Release|Any CPU
		{14DA5B0E-4A10-4013-A8D4-6DD1F9454B43}.Release|x64.Build.0 = Release|Any CPU
		{14DA5B0E-4A10-4013-A8D4-6DD1F9454B43}.Release|x86.ActiveCfg = Release|Any CPU
		{14DA5B0E-4A10-4013-A8D4-6DD1F9454B43}.Release|x86.Build.0 = Release|Any CPU
		{651BB934-C75D-4E0E-A251-B6EBDBAF1DCC}.Debug|Any CPU.ActiveCfg = Debug|Any CPU
		{651BB934-C75D-4E0E-A251-B6EBDBAF1DCC}.Debug|Any CPU.Build.0 = Debug|Any CPU
		{651BB934-C75D-4E0E-A251-B6EBDBAF1DCC}.Debug|x64.ActiveCfg = Debug|Any CPU
		{651BB934-C75D-4E0E-A251-B6EBDBAF1DCC}.Debug|x64.Build.0 = Debug|Any CPU
		{651BB934-C75D-4E0E-A251-B6EBDBAF1DCC}.Debug|x86.ActiveCfg = Debug|Any CPU
		{651BB934-C75D-4E0E-A251-B6EBDBAF1DCC}.Debug|x86.Build.0 = Debug|Any CPU
		{651BB934-C75D-4E0E-A251-B6EBDBAF1DCC}.Release|Any CPU.ActiveCfg = Release|Any CPU
		{651BB934-C75D-4E0E-A251-B6EBDBAF1DCC}.Release|Any CPU.Build.0 = Release|Any CPU
		{651BB934-C75D-4E0E-A251-B6EBDBAF1DCC}.Release|x64.ActiveCfg = Release|Any CPU
		{651BB934-C75D-4E0E-A251-B6EBDBAF1DCC}.Release|x64.Build.0 = Release|Any CPU
		{651BB934-C75D-4E0E-A251-B6EBDBAF1DCC}.Release|x86.ActiveCfg = Release|Any CPU
		{651BB934-C75D-4E0E-A251-B6EBDBAF1DCC}.Release|x86.Build.0 = Release|Any CPU
		{AF833E9C-A82E-46E2-B7CF-2DD6BB888E26}.Debug|Any CPU.ActiveCfg = Debug|x64
		{AF833E9C-A82E-46E2-B7CF-2DD6BB888E26}.Debug|Any CPU.Build.0 = Debug|x64
		{AF833E9C-A82E-46E2-B7CF-2DD6BB888E26}.Debug|x64.ActiveCfg = Debug|x64
		{AF833E9C-A82E-46E2-B7CF-2DD6BB888E26}.Debug|x64.Build.0 = Debug|x64
		{AF833E9C-A82E-46E2-B7CF-2DD6BB888E26}.Debug|x86.ActiveCfg = Debug|x64
		{AF833E9C-A82E-46E2-B7CF-2DD6BB888E26}.Debug|x86.Build.0 = Debug|x64
		{AF833E9C-A82E-46E2-B7CF-2DD6BB888E26}.Release|Any CPU.ActiveCfg = Release|x64
		{AF833E9C-A82E-46E2-B7CF-2DD6BB888E26}.Release|Any CPU.Build.0 = Release|x64
		{AF833E9C-A82E-46E2-B7CF-2DD6BB888E26}.Release|x64.ActiveCfg = Release|x64
		{AF833E9C-A82E-46E2-B7CF-2DD6BB888E26}.Release|x64.Build.0 = Release|x64
		{AF833E9C-A82E-46E2-B7CF-2DD6BB888E26}.Release|x86.ActiveCfg = Release|x64
		{AF833E9C-A82E-46E2-B7CF-2DD6BB888E26}.Release|x86.Build.0 = Release|x64
		{F7FDEA9B-FA37-4CF8-9DAD-3E83B4B4D639}.Debug|Any CPU.ActiveCfg = Debug|Any CPU
		{F7FDEA9B-FA37-4CF8-9DAD-3E83B4B4D639}.Debug|Any CPU.Build.0 = Debug|Any CPU
		{F7FDEA9B-FA37-4CF8-9DAD-3E83B4B4D639}.Debug|x64.ActiveCfg = Debug|Any CPU
		{F7FDEA9B-FA37-4CF8-9DAD-3E83B4B4D639}.Debug|x64.Build.0 = Debug|Any CPU
		{F7FDEA9B-FA37-4CF8-9DAD-3E83B4B4D639}.Debug|x86.ActiveCfg = Debug|Any CPU
		{F7FDEA9B-FA37-4CF8-9DAD-3E83B4B4D639}.Debug|x86.Build.0 = Debug|Any CPU
		{F7FDEA9B-FA37-4CF8-9DAD-3E83B4B4D639}.Release|Any CPU.ActiveCfg = Release|Any CPU
		{F7FDEA9B-FA37-4CF8-9DAD-3E83B4B4D639}.Release|Any CPU.Build.0 = Release|Any CPU
		{F7FDEA9B-FA37-4CF8-9DAD-3E83B4B4D639}.Release|x64.ActiveCfg = Release|Any CPU
		{F7FDEA9B-FA37-4CF8-9DAD-3E83B4B4D639}.Release|x64.Build.0 = Release|Any CPU
		{F7FDEA9B-FA37-4CF8-9DAD-3E83B4B4D639}.Release|x86.ActiveCfg = Release|Any CPU
		{F7FDEA9B-FA37-4CF8-9DAD-3E83B4B4D639}.Release|x86.Build.0 = Release|Any CPU
		{87334501-393A-49A4-8BAC-4AE9AB59FBF1}.Debug|Any CPU.ActiveCfg = Debug|Any CPU
		{87334501-393A-49A4-8BAC-4AE9AB59FBF1}.Debug|Any CPU.Build.0 = Debug|Any CPU
		{87334501-393A-49A4-8BAC-4AE9AB59FBF1}.Debug|x64.ActiveCfg = Debug|Any CPU
		{87334501-393A-49A4-8BAC-4AE9AB59FBF1}.Debug|x64.Build.0 = Debug|Any CPU
		{87334501-393A-49A4-8BAC-4AE9AB59FBF1}.Debug|x86.ActiveCfg = Debug|Any CPU
		{87334501-393A-49A4-8BAC-4AE9AB59FBF1}.Debug|x86.Build.0 = Debug|Any CPU
		{87334501-393A-49A4-8BAC-4AE9AB59FBF1}.Release|Any CPU.ActiveCfg = Release|Any CPU
		{87334501-393A-49A4-8BAC-4AE9AB59FBF1}.Release|Any CPU.Build.0 = Release|Any CPU
		{87334501-393A-49A4-8BAC-4AE9AB59FBF1}.Release|x64.ActiveCfg = Release|Any CPU
		{87334501-393A-49A4-8BAC-4AE9AB59FBF1}.Release|x64.Build.0 = Release|Any CPU
		{87334501-393A-49A4-8BAC-4AE9AB59FBF1}.Release|x86.ActiveCfg = Release|Any CPU
		{87334501-393A-49A4-8BAC-4AE9AB59FBF1}.Release|x86.Build.0 = Release|Any CPU
		{E6F5A9F3-A08B-47CB-9C24-3DA08260C9FB}.Debug|Any CPU.ActiveCfg = Debug|Any CPU
		{E6F5A9F3-A08B-47CB-9C24-3DA08260C9FB}.Debug|Any CPU.Build.0 = Debug|Any CPU
		{E6F5A9F3-A08B-47CB-9C24-3DA08260C9FB}.Debug|x64.ActiveCfg = Debug|Any CPU
		{E6F5A9F3-A08B-47CB-9C24-3DA08260C9FB}.Debug|x64.Build.0 = Debug|Any CPU
		{E6F5A9F3-A08B-47CB-9C24-3DA08260C9FB}.Debug|x86.ActiveCfg = Debug|Any CPU
		{E6F5A9F3-A08B-47CB-9C24-3DA08260C9FB}.Debug|x86.Build.0 = Debug|Any CPU
		{E6F5A9F3-A08B-47CB-9C24-3DA08260C9FB}.Release|Any CPU.ActiveCfg = Release|Any CPU
		{E6F5A9F3-A08B-47CB-9C24-3DA08260C9FB}.Release|Any CPU.Build.0 = Release|Any CPU
		{E6F5A9F3-A08B-47CB-9C24-3DA08260C9FB}.Release|x64.ActiveCfg = Release|Any CPU
		{E6F5A9F3-A08B-47CB-9C24-3DA08260C9FB}.Release|x64.Build.0 = Release|Any CPU
		{E6F5A9F3-A08B-47CB-9C24-3DA08260C9FB}.Release|x86.ActiveCfg = Release|Any CPU
		{E6F5A9F3-A08B-47CB-9C24-3DA08260C9FB}.Release|x86.Build.0 = Release|Any CPU
		{68008096-E780-49E6-9BCE-FCB88EA2A87A}.Debug|Any CPU.ActiveCfg = Debug|Any CPU
		{68008096-E780-49E6-9BCE-FCB88EA2A87A}.Debug|Any CPU.Build.0 = Debug|Any CPU
		{68008096-E780-49E6-9BCE-FCB88EA2A87A}.Debug|x64.ActiveCfg = Debug|Any CPU
		{68008096-E780-49E6-9BCE-FCB88EA2A87A}.Debug|x64.Build.0 = Debug|Any CPU
		{68008096-E780-49E6-9BCE-FCB88EA2A87A}.Debug|x86.ActiveCfg = Debug|Any CPU
		{68008096-E780-49E6-9BCE-FCB88EA2A87A}.Debug|x86.Build.0 = Debug|Any CPU
		{68008096-E780-49E6-9BCE-FCB88EA2A87A}.Release|Any CPU.ActiveCfg = Release|Any CPU
		{68008096-E780-49E6-9BCE-FCB88EA2A87A}.Release|Any CPU.Build.0 = Release|Any CPU
		{68008096-E780-49E6-9BCE-FCB88EA2A87A}.Release|x64.ActiveCfg = Release|Any CPU
		{68008096-E780-49E6-9BCE-FCB88EA2A87A}.Release|x64.Build.0 = Release|Any CPU
		{68008096-E780-49E6-9BCE-FCB88EA2A87A}.Release|x86.ActiveCfg = Release|Any CPU
		{68008096-E780-49E6-9BCE-FCB88EA2A87A}.Release|x86.Build.0 = Release|Any CPU
		{C1F07A3C-BE5C-4110-822F-444BA7871821}.Debug|Any CPU.ActiveCfg = Debug|Any CPU
		{C1F07A3C-BE5C-4110-822F-444BA7871821}.Debug|Any CPU.Build.0 = Debug|Any CPU
		{C1F07A3C-BE5C-4110-822F-444BA7871821}.Debug|x64.ActiveCfg = Debug|Any CPU
		{C1F07A3C-BE5C-4110-822F-444BA7871821}.Debug|x64.Build.0 = Debug|Any CPU
		{C1F07A3C-BE5C-4110-822F-444BA7871821}.Debug|x86.ActiveCfg = Debug|Any CPU
		{C1F07A3C-BE5C-4110-822F-444BA7871821}.Debug|x86.Build.0 = Debug|Any CPU
		{C1F07A3C-BE5C-4110-822F-444BA7871821}.Release|Any CPU.ActiveCfg = Release|Any CPU
		{C1F07A3C-BE5C-4110-822F-444BA7871821}.Release|Any CPU.Build.0 = Release|Any CPU
		{C1F07A3C-BE5C-4110-822F-444BA7871821}.Release|x64.ActiveCfg = Release|Any CPU
		{C1F07A3C-BE5C-4110-822F-444BA7871821}.Release|x64.Build.0 = Release|Any CPU
		{C1F07A3C-BE5C-4110-822F-444BA7871821}.Release|x86.ActiveCfg = Release|Any CPU
		{C1F07A3C-BE5C-4110-822F-444BA7871821}.Release|x86.Build.0 = Release|Any CPU
	EndGlobalSection
EndGlobal
