
Microsoft Visual Studio Solution File, Format Version 12.00
# Visual Studio 15
VisualStudioVersion = 15.0.26124.0
MinimumVisualStudioVersion = 15.0.26124.0
Project("{2150E333-8FDC-42A3-9474-1A3956D46DE8}") = "src", "src", "{F0641DB2-9721-4779-9653-2F745C358F2A}"
EndProject
Project("{2150E333-8FDC-42A3-9474-1A3956D46DE8}") = "Solution Items", "Solution Items", "{BC5BA6EF-52D7-4605-BEB7-8C0F55073588}"
ProjectSection(SolutionItems) = preProject
	.editorconfig = .editorconfig
	.gitignore = .gitignore
	common.props = common.props
	debugtarget.props = debugtarget.props
	directory.build.props = directory.build.props
	fna.settings.props = fna.settings.props
	LICENSE = LICENSE
	README.md = README.md
	stylecop.json = stylecop.json
	stylecop.ruleset = stylecop.ruleset
	version.props = version.props
	spritefontplus.settings.props = spritefontplus.settings.props
	src\Directory.Build.props = src\Directory.Build.props
EndProjectSection
EndProject
Project("{FAE04EC0-301F-11D3-BF4B-00C04F79EFBC}") = "FNA.Core", "external\FNA\FNA.Core.csproj", "{2143216E-6AA0-4B4D-B114-749A560B5758}"
EndProject
Project("{FAE04EC0-301F-11D3-BF4B-00C04F79EFBC}") = "UOStudio.Client", "src\UOStudio.Client\UOStudio.Client.csproj", "{7F4DAC08-587D-4741-A09D-5B842CAA60C6}"
EndProject
Project("{FAE04EC0-301F-11D3-BF4B-00C04F79EFBC}") = "UOStudio.Server", "src\UOStudio.Server\UOStudio.Server.csproj", "{13EC8529-97A9-4232-A584-05E16D38EE8A}"
EndProject
Project("{FAE04EC0-301F-11D3-BF4B-00C04F79EFBC}") = "UOStudio.Common.Network", "src\UOStudio.Common.Network\UOStudio.Common.Network.csproj", "{61E58594-1744-452A-A433-612AA286C28D}"
EndProject
Project("{FAE04EC0-301F-11D3-BF4B-00C04F79EFBC}") = "UOStudio.Common.Core", "src\UOStudio.Common.Core\UOStudio.Common.Core.csproj", "{C170F616-C35D-4F37-B4CB-33281C3546C1}"
EndProject
Project("{FAE04EC0-301F-11D3-BF4B-00C04F79EFBC}") = "UOStudio.Server.Data", "src\UOStudio.Server.Data\UOStudio.Server.Data.csproj", "{BA41C00E-988D-4E2D-A345-C664C7B4E3BE}"
EndProject
Project("{FAE04EC0-301F-11D3-BF4B-00C04F79EFBC}") = "UOStudio.Common.Contracts", "src\UOStudio.Common.Contracts\UOStudio.Common.Contracts.csproj", "{27C9B188-1301-42D1-B741-89D2B116C5DE}"
EndProject
Project("{FAE04EC0-301F-11D3-BF4B-00C04F79EFBC}") = "SpriteFontPlus.FNA.Core", "external\SpriteFontPlus\src\SpriteFontPlus.FNA.Core.csproj", "{0CE7E5C4-62CA-46CB-91FB-037C5BD18B49}"
EndProject
Project("{FAE04EC0-301F-11D3-BF4B-00C04F79EFBC}") = "UOStudio.Server.Common", "src\UOStudio.Server.Common\UOStudio.Server.Common.csproj", "{23F5D2B4-CC20-4218-A942-E79487E0D5A8}"
EndProject
Project("{FAE04EC0-301F-11D3-BF4B-00C04F79EFBC}") = "UOStudio.Server.Services", "src\UOStudio.Server.Services\UOStudio.Server.Services.csproj", "{9D54BB15-FED9-4017-B56E-146E6DD43F96}"
EndProject
Project("{FAE04EC0-301F-11D3-BF4B-00C04F79EFBC}") = "UOStudio.Client.Core", "src\UOStudio.Client.Core\UOStudio.Client.Core.csproj", "{1AD033A0-44EE-455E-9178-0AF2565E2B48}"
EndProject
Project("{FAE04EC0-301F-11D3-BF4B-00C04F79EFBC}") = "UOStudio.Server.Api", "src\UOStudio.Server.Api\UOStudio.Server.Api.csproj", "{B7C85F3E-5D27-401C-A515-85EDD6E49443}"
EndProject
Project("{FAE04EC0-301F-11D3-BF4B-00C04F79EFBC}") = "UOStudio.Server.Domain", "src\UOStudio.Server.Domain\UOStudio.Server.Domain.csproj", "{A1B314E1-94F6-410D-9757-75D36F3C1639}"
EndProject
Project("{FAE04EC0-301F-11D3-BF4B-00C04F79EFBC}") = "UOStudio.Server.Core", "src\UOStudio.Server.Core\UOStudio.Server.Core.csproj", "{BA87614C-5105-41E2-B9A1-9475F84C275B}"
EndProject
Project("{FAE04EC0-301F-11D3-BF4B-00C04F79EFBC}") = "UOStudio.Client.Services", "src\UOStudio.Client.Services\UOStudio.Client.Services.csproj", "{291E8049-A79B-43F5-AD22-88284DBA46AF}"
EndProject
Project("{FAE04EC0-301F-11D3-BF4B-00C04F79EFBC}") = "UOStudio.Client.Launcher", "src\UOStudio.Client.Launcher\UOStudio.Client.Launcher.csproj", "{4501B937-CB91-4946-950B-71EFE7C5791E}"
EndProject
Project("{2150E333-8FDC-42A3-9474-1A3956D46DE8}") = "Client", "Client", "{03A7F572-9CA9-4E7D-93E9-6C72C5F0CE61}"
EndProject
Project("{2150E333-8FDC-42A3-9474-1A3956D46DE8}") = "Server", "Server", "{EC980C9C-ACD5-4E90-B780-E1C8AFC2232E}"
EndProject
Project("{2150E333-8FDC-42A3-9474-1A3956D46DE8}") = "Api", "Api", "{0AF78ED5-5E14-4154-95ED-162FAE64415F}"
EndProject
Project("{2150E333-8FDC-42A3-9474-1A3956D46DE8}") = "Common", "Common", "{F6EA8615-4404-485E-B1E5-9E35CA91D254}"
EndProject
Global
	GlobalSection(SolutionConfigurationPlatforms) = preSolution
		Debug|Any CPU = Debug|Any CPU
		Debug|x64 = Debug|x64
		Debug|x86 = Debug|x86
		Release|Any CPU = Release|Any CPU
		Release|x64 = Release|x64
		Release|x86 = Release|x86
	EndGlobalSection
	GlobalSection(SolutionProperties) = preSolution
		HideSolutionNode = FALSE
	EndGlobalSection
	GlobalSection(NestedProjects) = preSolution
		{03A7F572-9CA9-4E7D-93E9-6C72C5F0CE61} = {F0641DB2-9721-4779-9653-2F745C358F2A}
		{2143216E-6AA0-4B4D-B114-749A560B5758} = {03A7F572-9CA9-4E7D-93E9-6C72C5F0CE61}
		{0CE7E5C4-62CA-46CB-91FB-037C5BD18B49} = {03A7F572-9CA9-4E7D-93E9-6C72C5F0CE61}
		{7F4DAC08-587D-4741-A09D-5B842CAA60C6} = {03A7F572-9CA9-4E7D-93E9-6C72C5F0CE61}
		{1AD033A0-44EE-455E-9178-0AF2565E2B48} = {03A7F572-9CA9-4E7D-93E9-6C72C5F0CE61}
		{4501B937-CB91-4946-950B-71EFE7C5791E} = {03A7F572-9CA9-4E7D-93E9-6C72C5F0CE61}
		{291E8049-A79B-43F5-AD22-88284DBA46AF} = {03A7F572-9CA9-4E7D-93E9-6C72C5F0CE61}
		{EC980C9C-ACD5-4E90-B780-E1C8AFC2232E} = {F0641DB2-9721-4779-9653-2F745C358F2A}
		{0AF78ED5-5E14-4154-95ED-162FAE64415F} = {F0641DB2-9721-4779-9653-2F745C358F2A}
		{B7C85F3E-5D27-401C-A515-85EDD6E49443} = {0AF78ED5-5E14-4154-95ED-162FAE64415F}
		{13EC8529-97A9-4232-A584-05E16D38EE8A} = {EC980C9C-ACD5-4E90-B780-E1C8AFC2232E}
		{23F5D2B4-CC20-4218-A942-E79487E0D5A8} = {EC980C9C-ACD5-4E90-B780-E1C8AFC2232E}
		{BA87614C-5105-41E2-B9A1-9475F84C275B} = {EC980C9C-ACD5-4E90-B780-E1C8AFC2232E}
		{BA41C00E-988D-4E2D-A345-C664C7B4E3BE} = {EC980C9C-ACD5-4E90-B780-E1C8AFC2232E}
		{A1B314E1-94F6-410D-9757-75D36F3C1639} = {EC980C9C-ACD5-4E90-B780-E1C8AFC2232E}
		{9D54BB15-FED9-4017-B56E-146E6DD43F96} = {EC980C9C-ACD5-4E90-B780-E1C8AFC2232E}
		{F6EA8615-4404-485E-B1E5-9E35CA91D254} = {F0641DB2-9721-4779-9653-2F745C358F2A}
		{27C9B188-1301-42D1-B741-89D2B116C5DE} = {F6EA8615-4404-485E-B1E5-9E35CA91D254}
		{C170F616-C35D-4F37-B4CB-33281C3546C1} = {F6EA8615-4404-485E-B1E5-9E35CA91D254}
		{61E58594-1744-452A-A433-612AA286C28D} = {F6EA8615-4404-485E-B1E5-9E35CA91D254}
	EndGlobalSection
	GlobalSection(ProjectConfigurationPlatforms) = postSolution
		{2143216E-6AA0-4B4D-B114-749A560B5758}.Debug|Any CPU.ActiveCfg = Debug|x64
		{2143216E-6AA0-4B4D-B114-749A560B5758}.Debug|Any CPU.Build.0 = Debug|x64
		{2143216E-6AA0-4B4D-B114-749A560B5758}.Debug|x64.ActiveCfg = Debug|x64
		{2143216E-6AA0-4B4D-B114-749A560B5758}.Debug|x64.Build.0 = Debug|x64
		{2143216E-6AA0-4B4D-B114-749A560B5758}.Debug|x86.ActiveCfg = Debug|x64
		{2143216E-6AA0-4B4D-B114-749A560B5758}.Debug|x86.Build.0 = Debug|x64
		{2143216E-6AA0-4B4D-B114-749A560B5758}.Release|Any CPU.ActiveCfg = Release|x64
		{2143216E-6AA0-4B4D-B114-749A560B5758}.Release|Any CPU.Build.0 = Release|x64
		{2143216E-6AA0-4B4D-B114-749A560B5758}.Release|x64.ActiveCfg = Release|x64
		{2143216E-6AA0-4B4D-B114-749A560B5758}.Release|x64.Build.0 = Release|x64
		{2143216E-6AA0-4B4D-B114-749A560B5758}.Release|x86.ActiveCfg = Release|x64
		{2143216E-6AA0-4B4D-B114-749A560B5758}.Release|x86.Build.0 = Release|x64
		{7F4DAC08-587D-4741-A09D-5B842CAA60C6}.Debug|Any CPU.ActiveCfg = Debug|Any CPU
		{7F4DAC08-587D-4741-A09D-5B842CAA60C6}.Debug|Any CPU.Build.0 = Debug|Any CPU
		{7F4DAC08-587D-4741-A09D-5B842CAA60C6}.Debug|x64.ActiveCfg = Debug|Any CPU
		{7F4DAC08-587D-4741-A09D-5B842CAA60C6}.Debug|x64.Build.0 = Debug|Any CPU
		{7F4DAC08-587D-4741-A09D-5B842CAA60C6}.Debug|x86.ActiveCfg = Debug|Any CPU
		{7F4DAC08-587D-4741-A09D-5B842CAA60C6}.Debug|x86.Build.0 = Debug|Any CPU
		{7F4DAC08-587D-4741-A09D-5B842CAA60C6}.Release|Any CPU.ActiveCfg = Release|Any CPU
		{7F4DAC08-587D-4741-A09D-5B842CAA60C6}.Release|Any CPU.Build.0 = Release|Any CPU
		{7F4DAC08-587D-4741-A09D-5B842CAA60C6}.Release|x64.ActiveCfg = Release|Any CPU
		{7F4DAC08-587D-4741-A09D-5B842CAA60C6}.Release|x64.Build.0 = Release|Any CPU
		{7F4DAC08-587D-4741-A09D-5B842CAA60C6}.Release|x86.ActiveCfg = Release|Any CPU
		{7F4DAC08-587D-4741-A09D-5B842CAA60C6}.Release|x86.Build.0 = Release|Any CPU
		{13EC8529-97A9-4232-A584-05E16D38EE8A}.Debug|Any CPU.ActiveCfg = Debug|Any CPU
		{13EC8529-97A9-4232-A584-05E16D38EE8A}.Debug|Any CPU.Build.0 = Debug|Any CPU
		{13EC8529-97A9-4232-A584-05E16D38EE8A}.Debug|x64.ActiveCfg = Debug|Any CPU
		{13EC8529-97A9-4232-A584-05E16D38EE8A}.Debug|x64.Build.0 = Debug|Any CPU
		{13EC8529-97A9-4232-A584-05E16D38EE8A}.Debug|x86.ActiveCfg = Debug|Any CPU
		{13EC8529-97A9-4232-A584-05E16D38EE8A}.Debug|x86.Build.0 = Debug|Any CPU
		{13EC8529-97A9-4232-A584-05E16D38EE8A}.Release|Any CPU.ActiveCfg = Release|Any CPU
		{13EC8529-97A9-4232-A584-05E16D38EE8A}.Release|Any CPU.Build.0 = Release|Any CPU
		{13EC8529-97A9-4232-A584-05E16D38EE8A}.Release|x64.ActiveCfg = Release|Any CPU
		{13EC8529-97A9-4232-A584-05E16D38EE8A}.Release|x64.Build.0 = Release|Any CPU
		{13EC8529-97A9-4232-A584-05E16D38EE8A}.Release|x86.ActiveCfg = Release|Any CPU
		{13EC8529-97A9-4232-A584-05E16D38EE8A}.Release|x86.Build.0 = Release|Any CPU
		{61E58594-1744-452A-A433-612AA286C28D}.Debug|Any CPU.ActiveCfg = Debug|Any CPU
		{61E58594-1744-452A-A433-612AA286C28D}.Debug|Any CPU.Build.0 = Debug|Any CPU
		{61E58594-1744-452A-A433-612AA286C28D}.Debug|x64.ActiveCfg = Debug|Any CPU
		{61E58594-1744-452A-A433-612AA286C28D}.Debug|x64.Build.0 = Debug|Any CPU
		{61E58594-1744-452A-A433-612AA286C28D}.Debug|x86.ActiveCfg = Debug|Any CPU
		{61E58594-1744-452A-A433-612AA286C28D}.Debug|x86.Build.0 = Debug|Any CPU
		{61E58594-1744-452A-A433-612AA286C28D}.Release|Any CPU.ActiveCfg = Release|Any CPU
		{61E58594-1744-452A-A433-612AA286C28D}.Release|Any CPU.Build.0 = Release|Any CPU
		{61E58594-1744-452A-A433-612AA286C28D}.Release|x64.ActiveCfg = Release|Any CPU
		{61E58594-1744-452A-A433-612AA286C28D}.Release|x64.Build.0 = Release|Any CPU
		{61E58594-1744-452A-A433-612AA286C28D}.Release|x86.ActiveCfg = Release|Any CPU
		{61E58594-1744-452A-A433-612AA286C28D}.Release|x86.Build.0 = Release|Any CPU
		{C170F616-C35D-4F37-B4CB-33281C3546C1}.Debug|Any CPU.ActiveCfg = Debug|Any CPU
		{C170F616-C35D-4F37-B4CB-33281C3546C1}.Debug|Any CPU.Build.0 = Debug|Any CPU
		{C170F616-C35D-4F37-B4CB-33281C3546C1}.Debug|x64.ActiveCfg = Debug|Any CPU
		{C170F616-C35D-4F37-B4CB-33281C3546C1}.Debug|x64.Build.0 = Debug|Any CPU
		{C170F616-C35D-4F37-B4CB-33281C3546C1}.Debug|x86.ActiveCfg = Debug|Any CPU
		{C170F616-C35D-4F37-B4CB-33281C3546C1}.Debug|x86.Build.0 = Debug|Any CPU
		{C170F616-C35D-4F37-B4CB-33281C3546C1}.Release|Any CPU.ActiveCfg = Release|Any CPU
		{C170F616-C35D-4F37-B4CB-33281C3546C1}.Release|Any CPU.Build.0 = Release|Any CPU
		{C170F616-C35D-4F37-B4CB-33281C3546C1}.Release|x64.ActiveCfg = Release|Any CPU
		{C170F616-C35D-4F37-B4CB-33281C3546C1}.Release|x64.Build.0 = Release|Any CPU
		{C170F616-C35D-4F37-B4CB-33281C3546C1}.Release|x86.ActiveCfg = Release|Any CPU
		{C170F616-C35D-4F37-B4CB-33281C3546C1}.Release|x86.Build.0 = Release|Any CPU
		{BA41C00E-988D-4E2D-A345-C664C7B4E3BE}.Debug|Any CPU.ActiveCfg = Debug|Any CPU
		{BA41C00E-988D-4E2D-A345-C664C7B4E3BE}.Debug|Any CPU.Build.0 = Debug|Any CPU
		{BA41C00E-988D-4E2D-A345-C664C7B4E3BE}.Debug|x64.ActiveCfg = Debug|Any CPU
		{BA41C00E-988D-4E2D-A345-C664C7B4E3BE}.Debug|x64.Build.0 = Debug|Any CPU
		{BA41C00E-988D-4E2D-A345-C664C7B4E3BE}.Debug|x86.ActiveCfg = Debug|Any CPU
		{BA41C00E-988D-4E2D-A345-C664C7B4E3BE}.Debug|x86.Build.0 = Debug|Any CPU
		{BA41C00E-988D-4E2D-A345-C664C7B4E3BE}.Release|Any CPU.ActiveCfg = Release|Any CPU
		{BA41C00E-988D-4E2D-A345-C664C7B4E3BE}.Release|Any CPU.Build.0 = Release|Any CPU
		{BA41C00E-988D-4E2D-A345-C664C7B4E3BE}.Release|x64.ActiveCfg = Release|Any CPU
		{BA41C00E-988D-4E2D-A345-C664C7B4E3BE}.Release|x64.Build.0 = Release|Any CPU
		{BA41C00E-988D-4E2D-A345-C664C7B4E3BE}.Release|x86.ActiveCfg = Release|Any CPU
		{BA41C00E-988D-4E2D-A345-C664C7B4E3BE}.Release|x86.Build.0 = Release|Any CPU
		{27C9B188-1301-42D1-B741-89D2B116C5DE}.Debug|Any CPU.ActiveCfg = Debug|Any CPU
		{27C9B188-1301-42D1-B741-89D2B116C5DE}.Debug|Any CPU.Build.0 = Debug|Any CPU
		{27C9B188-1301-42D1-B741-89D2B116C5DE}.Debug|x64.ActiveCfg = Debug|Any CPU
		{27C9B188-1301-42D1-B741-89D2B116C5DE}.Debug|x64.Build.0 = Debug|Any CPU
		{27C9B188-1301-42D1-B741-89D2B116C5DE}.Debug|x86.ActiveCfg = Debug|Any CPU
		{27C9B188-1301-42D1-B741-89D2B116C5DE}.Debug|x86.Build.0 = Debug|Any CPU
		{27C9B188-1301-42D1-B741-89D2B116C5DE}.Release|Any CPU.ActiveCfg = Release|Any CPU
		{27C9B188-1301-42D1-B741-89D2B116C5DE}.Release|Any CPU.Build.0 = Release|Any CPU
		{27C9B188-1301-42D1-B741-89D2B116C5DE}.Release|x64.ActiveCfg = Release|Any CPU
		{27C9B188-1301-42D1-B741-89D2B116C5DE}.Release|x64.Build.0 = Release|Any CPU
		{27C9B188-1301-42D1-B741-89D2B116C5DE}.Release|x86.ActiveCfg = Release|Any CPU
		{27C9B188-1301-42D1-B741-89D2B116C5DE}.Release|x86.Build.0 = Release|Any CPU
		{0CE7E5C4-62CA-46CB-91FB-037C5BD18B49}.Debug|Any CPU.ActiveCfg = Debug|Any CPU
		{0CE7E5C4-62CA-46CB-91FB-037C5BD18B49}.Debug|Any CPU.Build.0 = Debug|Any CPU
		{0CE7E5C4-62CA-46CB-91FB-037C5BD18B49}.Debug|x64.ActiveCfg = Debug|Any CPU
		{0CE7E5C4-62CA-46CB-91FB-037C5BD18B49}.Debug|x64.Build.0 = Debug|Any CPU
		{0CE7E5C4-62CA-46CB-91FB-037C5BD18B49}.Debug|x86.ActiveCfg = Debug|Any CPU
		{0CE7E5C4-62CA-46CB-91FB-037C5BD18B49}.Debug|x86.Build.0 = Debug|Any CPU
		{0CE7E5C4-62CA-46CB-91FB-037C5BD18B49}.Release|Any CPU.ActiveCfg = Release|Any CPU
		{0CE7E5C4-62CA-46CB-91FB-037C5BD18B49}.Release|Any CPU.Build.0 = Release|Any CPU
		{0CE7E5C4-62CA-46CB-91FB-037C5BD18B49}.Release|x64.ActiveCfg = Release|Any CPU
		{0CE7E5C4-62CA-46CB-91FB-037C5BD18B49}.Release|x64.Build.0 = Release|Any CPU
		{0CE7E5C4-62CA-46CB-91FB-037C5BD18B49}.Release|x86.ActiveCfg = Release|Any CPU
		{0CE7E5C4-62CA-46CB-91FB-037C5BD18B49}.Release|x86.Build.0 = Release|Any CPU
		{23F5D2B4-CC20-4218-A942-E79487E0D5A8}.Debug|Any CPU.ActiveCfg = Debug|Any CPU
		{23F5D2B4-CC20-4218-A942-E79487E0D5A8}.Debug|Any CPU.Build.0 = Debug|Any CPU
		{23F5D2B4-CC20-4218-A942-E79487E0D5A8}.Debug|x64.ActiveCfg = Debug|Any CPU
		{23F5D2B4-CC20-4218-A942-E79487E0D5A8}.Debug|x64.Build.0 = Debug|Any CPU
		{23F5D2B4-CC20-4218-A942-E79487E0D5A8}.Debug|x86.ActiveCfg = Debug|Any CPU
		{23F5D2B4-CC20-4218-A942-E79487E0D5A8}.Debug|x86.Build.0 = Debug|Any CPU
		{23F5D2B4-CC20-4218-A942-E79487E0D5A8}.Release|Any CPU.ActiveCfg = Release|Any CPU
		{23F5D2B4-CC20-4218-A942-E79487E0D5A8}.Release|Any CPU.Build.0 = Release|Any CPU
		{23F5D2B4-CC20-4218-A942-E79487E0D5A8}.Release|x64.ActiveCfg = Release|Any CPU
		{23F5D2B4-CC20-4218-A942-E79487E0D5A8}.Release|x64.Build.0 = Release|Any CPU
		{23F5D2B4-CC20-4218-A942-E79487E0D5A8}.Release|x86.ActiveCfg = Release|Any CPU
		{23F5D2B4-CC20-4218-A942-E79487E0D5A8}.Release|x86.Build.0 = Release|Any CPU
		{9D54BB15-FED9-4017-B56E-146E6DD43F96}.Debug|Any CPU.ActiveCfg = Debug|Any CPU
		{9D54BB15-FED9-4017-B56E-146E6DD43F96}.Debug|Any CPU.Build.0 = Debug|Any CPU
		{9D54BB15-FED9-4017-B56E-146E6DD43F96}.Debug|x64.ActiveCfg = Debug|Any CPU
		{9D54BB15-FED9-4017-B56E-146E6DD43F96}.Debug|x64.Build.0 = Debug|Any CPU
		{9D54BB15-FED9-4017-B56E-146E6DD43F96}.Debug|x86.ActiveCfg = Debug|Any CPU
		{9D54BB15-FED9-4017-B56E-146E6DD43F96}.Debug|x86.Build.0 = Debug|Any CPU
		{9D54BB15-FED9-4017-B56E-146E6DD43F96}.Release|Any CPU.ActiveCfg = Release|Any CPU
		{9D54BB15-FED9-4017-B56E-146E6DD43F96}.Release|Any CPU.Build.0 = Release|Any CPU
		{9D54BB15-FED9-4017-B56E-146E6DD43F96}.Release|x64.ActiveCfg = Release|Any CPU
		{9D54BB15-FED9-4017-B56E-146E6DD43F96}.Release|x64.Build.0 = Release|Any CPU
		{9D54BB15-FED9-4017-B56E-146E6DD43F96}.Release|x86.ActiveCfg = Release|Any CPU
		{9D54BB15-FED9-4017-B56E-146E6DD43F96}.Release|x86.Build.0 = Release|Any CPU
		{1AD033A0-44EE-455E-9178-0AF2565E2B48}.Debug|Any CPU.ActiveCfg = Debug|Any CPU
		{1AD033A0-44EE-455E-9178-0AF2565E2B48}.Debug|Any CPU.Build.0 = Debug|Any CPU
		{1AD033A0-44EE-455E-9178-0AF2565E2B48}.Debug|x64.ActiveCfg = Debug|Any CPU
		{1AD033A0-44EE-455E-9178-0AF2565E2B48}.Debug|x64.Build.0 = Debug|Any CPU
		{1AD033A0-44EE-455E-9178-0AF2565E2B48}.Debug|x86.ActiveCfg = Debug|Any CPU
		{1AD033A0-44EE-455E-9178-0AF2565E2B48}.Debug|x86.Build.0 = Debug|Any CPU
		{1AD033A0-44EE-455E-9178-0AF2565E2B48}.Release|Any CPU.ActiveCfg = Release|Any CPU
		{1AD033A0-44EE-455E-9178-0AF2565E2B48}.Release|Any CPU.Build.0 = Release|Any CPU
		{1AD033A0-44EE-455E-9178-0AF2565E2B48}.Release|x64.ActiveCfg = Release|Any CPU
		{1AD033A0-44EE-455E-9178-0AF2565E2B48}.Release|x64.Build.0 = Release|Any CPU
		{1AD033A0-44EE-455E-9178-0AF2565E2B48}.Release|x86.ActiveCfg = Release|Any CPU
		{1AD033A0-44EE-455E-9178-0AF2565E2B48}.Release|x86.Build.0 = Release|Any CPU
		{B7C85F3E-5D27-401C-A515-85EDD6E49443}.Debug|Any CPU.ActiveCfg = Debug|Any CPU
		{B7C85F3E-5D27-401C-A515-85EDD6E49443}.Debug|Any CPU.Build.0 = Debug|Any CPU
		{B7C85F3E-5D27-401C-A515-85EDD6E49443}.Debug|x64.ActiveCfg = Debug|Any CPU
		{B7C85F3E-5D27-401C-A515-85EDD6E49443}.Debug|x64.Build.0 = Debug|Any CPU
		{B7C85F3E-5D27-401C-A515-85EDD6E49443}.Debug|x86.ActiveCfg = Debug|Any CPU
		{B7C85F3E-5D27-401C-A515-85EDD6E49443}.Debug|x86.Build.0 = Debug|Any CPU
		{B7C85F3E-5D27-401C-A515-85EDD6E49443}.Release|Any CPU.ActiveCfg = Release|Any CPU
		{B7C85F3E-5D27-401C-A515-85EDD6E49443}.Release|Any CPU.Build.0 = Release|Any CPU
		{B7C85F3E-5D27-401C-A515-85EDD6E49443}.Release|x64.ActiveCfg = Release|Any CPU
		{B7C85F3E-5D27-401C-A515-85EDD6E49443}.Release|x64.Build.0 = Release|Any CPU
		{B7C85F3E-5D27-401C-A515-85EDD6E49443}.Release|x86.ActiveCfg = Release|Any CPU
		{B7C85F3E-5D27-401C-A515-85EDD6E49443}.Release|x86.Build.0 = Release|Any CPU
		{A1B314E1-94F6-410D-9757-75D36F3C1639}.Debug|Any CPU.ActiveCfg = Debug|Any CPU
		{A1B314E1-94F6-410D-9757-75D36F3C1639}.Debug|Any CPU.Build.0 = Debug|Any CPU
		{A1B314E1-94F6-410D-9757-75D36F3C1639}.Debug|x64.ActiveCfg = Debug|Any CPU
		{A1B314E1-94F6-410D-9757-75D36F3C1639}.Debug|x64.Build.0 = Debug|Any CPU
		{A1B314E1-94F6-410D-9757-75D36F3C1639}.Debug|x86.ActiveCfg = Debug|Any CPU
		{A1B314E1-94F6-410D-9757-75D36F3C1639}.Debug|x86.Build.0 = Debug|Any CPU
		{A1B314E1-94F6-410D-9757-75D36F3C1639}.Release|Any CPU.ActiveCfg = Release|Any CPU
		{A1B314E1-94F6-410D-9757-75D36F3C1639}.Release|Any CPU.Build.0 = Release|Any CPU
		{A1B314E1-94F6-410D-9757-75D36F3C1639}.Release|x64.ActiveCfg = Release|Any CPU
		{A1B314E1-94F6-410D-9757-75D36F3C1639}.Release|x64.Build.0 = Release|Any CPU
		{A1B314E1-94F6-410D-9757-75D36F3C1639}.Release|x86.ActiveCfg = Release|Any CPU
		{A1B314E1-94F6-410D-9757-75D36F3C1639}.Release|x86.Build.0 = Release|Any CPU
		{BA87614C-5105-41E2-B9A1-9475F84C275B}.Debug|Any CPU.ActiveCfg = Debug|Any CPU
		{BA87614C-5105-41E2-B9A1-9475F84C275B}.Debug|Any CPU.Build.0 = Debug|Any CPU
		{BA87614C-5105-41E2-B9A1-9475F84C275B}.Debug|x64.ActiveCfg = Debug|Any CPU
		{BA87614C-5105-41E2-B9A1-9475F84C275B}.Debug|x64.Build.0 = Debug|Any CPU
		{BA87614C-5105-41E2-B9A1-9475F84C275B}.Debug|x86.ActiveCfg = Debug|Any CPU
		{BA87614C-5105-41E2-B9A1-9475F84C275B}.Debug|x86.Build.0 = Debug|Any CPU
		{BA87614C-5105-41E2-B9A1-9475F84C275B}.Release|Any CPU.ActiveCfg = Release|Any CPU
		{BA87614C-5105-41E2-B9A1-9475F84C275B}.Release|Any CPU.Build.0 = Release|Any CPU
		{BA87614C-5105-41E2-B9A1-9475F84C275B}.Release|x64.ActiveCfg = Release|Any CPU
		{BA87614C-5105-41E2-B9A1-9475F84C275B}.Release|x64.Build.0 = Release|Any CPU
		{BA87614C-5105-41E2-B9A1-9475F84C275B}.Release|x86.ActiveCfg = Release|Any CPU
		{BA87614C-5105-41E2-B9A1-9475F84C275B}.Release|x86.Build.0 = Release|Any CPU
		{291E8049-A79B-43F5-AD22-88284DBA46AF}.Debug|Any CPU.ActiveCfg = Debug|Any CPU
		{291E8049-A79B-43F5-AD22-88284DBA46AF}.Debug|Any CPU.Build.0 = Debug|Any CPU
		{291E8049-A79B-43F5-AD22-88284DBA46AF}.Debug|x64.ActiveCfg = Debug|Any CPU
		{291E8049-A79B-43F5-AD22-88284DBA46AF}.Debug|x64.Build.0 = Debug|Any CPU
		{291E8049-A79B-43F5-AD22-88284DBA46AF}.Debug|x86.ActiveCfg = Debug|Any CPU
		{291E8049-A79B-43F5-AD22-88284DBA46AF}.Debug|x86.Build.0 = Debug|Any CPU
		{291E8049-A79B-43F5-AD22-88284DBA46AF}.Release|Any CPU.ActiveCfg = Release|Any CPU
		{291E8049-A79B-43F5-AD22-88284DBA46AF}.Release|Any CPU.Build.0 = Release|Any CPU
		{291E8049-A79B-43F5-AD22-88284DBA46AF}.Release|x64.ActiveCfg = Release|Any CPU
		{291E8049-A79B-43F5-AD22-88284DBA46AF}.Release|x64.Build.0 = Release|Any CPU
		{291E8049-A79B-43F5-AD22-88284DBA46AF}.Release|x86.ActiveCfg = Release|Any CPU
		{291E8049-A79B-43F5-AD22-88284DBA46AF}.Release|x86.Build.0 = Release|Any CPU
		{4501B937-CB91-4946-950B-71EFE7C5791E}.Debug|Any CPU.ActiveCfg = Debug|Any CPU
		{4501B937-CB91-4946-950B-71EFE7C5791E}.Debug|Any CPU.Build.0 = Debug|Any CPU
		{4501B937-CB91-4946-950B-71EFE7C5791E}.Debug|x64.ActiveCfg = Debug|Any CPU
		{4501B937-CB91-4946-950B-71EFE7C5791E}.Debug|x64.Build.0 = Debug|Any CPU
		{4501B937-CB91-4946-950B-71EFE7C5791E}.Debug|x86.ActiveCfg = Debug|Any CPU
		{4501B937-CB91-4946-950B-71EFE7C5791E}.Debug|x86.Build.0 = Debug|Any CPU
		{4501B937-CB91-4946-950B-71EFE7C5791E}.Release|Any CPU.ActiveCfg = Release|Any CPU
		{4501B937-CB91-4946-950B-71EFE7C5791E}.Release|Any CPU.Build.0 = Release|Any CPU
		{4501B937-CB91-4946-950B-71EFE7C5791E}.Release|x64.ActiveCfg = Release|Any CPU
		{4501B937-CB91-4946-950B-71EFE7C5791E}.Release|x64.Build.0 = Release|Any CPU
		{4501B937-CB91-4946-950B-71EFE7C5791E}.Release|x86.ActiveCfg = Release|Any CPU
		{4501B937-CB91-4946-950B-71EFE7C5791E}.Release|x86.Build.0 = Release|Any CPU
	EndGlobalSection
EndGlobal
